
Microsoft Visual Studio Solution File, Format Version 12.00
# Visual Studio Version 16
VisualStudioVersion = 16.0.30503.244
MinimumVisualStudioVersion = 10.0.40219.1
Project("{F184B08F-C81C-45F6-A57F-5ABD9991F28F}") = "TradeControllerSTProAdapter", "TradeControllerSTProAdapter\TradeControllerSTProAdapter.vbproj", "{2FB9CAF0-B177-4CB3-B89B-FC5A72BDF57B}"
EndProject
Global
	GlobalSection(SolutionConfigurationPlatforms) = preSolution
		Debug|Any CPU = Debug|Any CPU
		Release|Any CPU = Release|Any CPU
	EndGlobalSection
	GlobalSection(ProjectConfigurationPlatforms) = postSolution
		{2FB9CAF0-B177-4CB3-B89B-FC5A72BDF57B}.Debug|Any CPU.ActiveCfg = Debug|Any CPU
		{2FB9CAF0-B177-4CB3-B89B-FC5A72BDF57B}.Debug|Any CPU.Build.0 = Debug|Any CPU
		{2FB9CAF0-B177-4CB3-B89B-FC5A72BDF57B}.Release|Any CPU.ActiveCfg = Release|Any CPU
		{2FB9CAF0-B177-4CB3-B89B-FC5A72BDF57B}.Release|Any CPU.Build.0 = Release|Any CPU
	EndGlobalSection
	GlobalSection(SolutionProperties) = preSolution
		HideSolutionNode = FALSE
	EndGlobalSection
	GlobalSection(ExtensibilityGlobals) = postSolution
		SolutionGuid = {3687513B-3817-4A23-A516-0FA530AFF5ED}
	EndGlobalSection
EndGlobal
